
Microsoft Visual Studio Solution File, Format Version 12.00
# Visual Studio 15
Project("{FAE04EC0-301F-11D3-BF4B-00C04F79EFBC}") = "URI1016", "URI1016\URI1016.csproj", "{D8A18D3A-68E8-4E96-A338-753212A4D80B}"
EndProject
Global
	GlobalSection(SolutionConfigurationPlatforms) = preSolution
		Debug|x86 = Debug|x86
		Release|x86 = Release|x86
	EndGlobalSection
	GlobalSection(ProjectConfigurationPlatforms) = postSolution
		{D8A18D3A-68E8-4E96-A338-753212A4D80B}.Debug|x86.ActiveCfg = Debug|x86
		{D8A18D3A-68E8-4E96-A338-753212A4D80B}.Debug|x86.Build.0 = Debug|x86
		{D8A18D3A-68E8-4E96-A338-753212A4D80B}.Release|x86.ActiveCfg = Release|x86
		{D8A18D3A-68E8-4E96-A338-753212A4D80B}.Release|x86.Build.0 = Release|x86
	EndGlobalSection
EndGlobal
