
Microsoft Visual Studio Solution File, Format Version 12.00
# Visual Studio 15
Project("{FAE04EC0-301F-11D3-BF4B-00C04F79EFBC}") = "URI1113", "URI1113\URI1113.csproj", "{81815C07-205C-411A-9F1C-1B92312F935F}"
EndProject
Global
	GlobalSection(SolutionConfigurationPlatforms) = preSolution
		Debug|x86 = Debug|x86
		Release|x86 = Release|x86
	EndGlobalSection
	GlobalSection(ProjectConfigurationPlatforms) = postSolution
		{81815C07-205C-411A-9F1C-1B92312F935F}.Debug|x86.ActiveCfg = Debug|x86
		{81815C07-205C-411A-9F1C-1B92312F935F}.Debug|x86.Build.0 = Debug|x86
		{81815C07-205C-411A-9F1C-1B92312F935F}.Release|x86.ActiveCfg = Release|x86
		{81815C07-205C-411A-9F1C-1B92312F935F}.Release|x86.Build.0 = Release|x86
	EndGlobalSection
EndGlobal
