
Microsoft Visual Studio Solution File, Format Version 12.00
# Visual Studio 15
Project("{FAE04EC0-301F-11D3-BF4B-00C04F79EFBC}") = "URI1117", "URI1117\URI1117.csproj", "{32BDA0DA-E446-45A4-89F9-95DA850EEE41}"
EndProject
Global
	GlobalSection(SolutionConfigurationPlatforms) = preSolution
		Debug|x86 = Debug|x86
		Release|x86 = Release|x86
	EndGlobalSection
	GlobalSection(ProjectConfigurationPlatforms) = postSolution
		{32BDA0DA-E446-45A4-89F9-95DA850EEE41}.Debug|x86.ActiveCfg = Debug|x86
		{32BDA0DA-E446-45A4-89F9-95DA850EEE41}.Debug|x86.Build.0 = Debug|x86
		{32BDA0DA-E446-45A4-89F9-95DA850EEE41}.Release|x86.ActiveCfg = Release|x86
		{32BDA0DA-E446-45A4-89F9-95DA850EEE41}.Release|x86.Build.0 = Release|x86
	EndGlobalSection
EndGlobal
