
Microsoft Visual Studio Solution File, Format Version 12.00
# Visual Studio 15
Project("{FAE04EC0-301F-11D3-BF4B-00C04F79EFBC}") = "URI1019", "URI1019\URI1019.csproj", "{D37F6887-938E-481D-B05E-6FF96C9A5872}"
EndProject
Global
	GlobalSection(SolutionConfigurationPlatforms) = preSolution
		Debug|x86 = Debug|x86
		Release|x86 = Release|x86
	EndGlobalSection
	GlobalSection(ProjectConfigurationPlatforms) = postSolution
		{D37F6887-938E-481D-B05E-6FF96C9A5872}.Debug|x86.ActiveCfg = Debug|x86
		{D37F6887-938E-481D-B05E-6FF96C9A5872}.Debug|x86.Build.0 = Debug|x86
		{D37F6887-938E-481D-B05E-6FF96C9A5872}.Release|x86.ActiveCfg = Release|x86
		{D37F6887-938E-481D-B05E-6FF96C9A5872}.Release|x86.Build.0 = Release|x86
	EndGlobalSection
EndGlobal
