
Microsoft Visual Studio Solution File, Format Version 12.00
# Visual Studio 15
Project("{FAE04EC0-301F-11D3-BF4B-00C04F79EFBC}") = "URI1097", "URI1097\URI1097.csproj", "{8313F1A3-C500-48D5-838B-CD8D80949B49}"
EndProject
Global
	GlobalSection(SolutionConfigurationPlatforms) = preSolution
		Debug|x86 = Debug|x86
		Release|x86 = Release|x86
	EndGlobalSection
	GlobalSection(ProjectConfigurationPlatforms) = postSolution
		{8313F1A3-C500-48D5-838B-CD8D80949B49}.Debug|x86.ActiveCfg = Debug|x86
		{8313F1A3-C500-48D5-838B-CD8D80949B49}.Debug|x86.Build.0 = Debug|x86
		{8313F1A3-C500-48D5-838B-CD8D80949B49}.Release|x86.ActiveCfg = Release|x86
		{8313F1A3-C500-48D5-838B-CD8D80949B49}.Release|x86.Build.0 = Release|x86
	EndGlobalSection
EndGlobal
