
Microsoft Visual Studio Solution File, Format Version 12.00
# Visual Studio 15
Project("{FAE04EC0-301F-11D3-BF4B-00C04F79EFBC}") = "URI1020", "URI1020\URI1020.csproj", "{B7E538E5-AFFA-441D-B06B-47E81B9B8FED}"
EndProject
Global
	GlobalSection(SolutionConfigurationPlatforms) = preSolution
		Debug|x86 = Debug|x86
		Release|x86 = Release|x86
	EndGlobalSection
	GlobalSection(ProjectConfigurationPlatforms) = postSolution
		{B7E538E5-AFFA-441D-B06B-47E81B9B8FED}.Debug|x86.ActiveCfg = Debug|x86
		{B7E538E5-AFFA-441D-B06B-47E81B9B8FED}.Debug|x86.Build.0 = Debug|x86
		{B7E538E5-AFFA-441D-B06B-47E81B9B8FED}.Release|x86.ActiveCfg = Release|x86
		{B7E538E5-AFFA-441D-B06B-47E81B9B8FED}.Release|x86.Build.0 = Release|x86
	EndGlobalSection
EndGlobal
